lockVersion: 2.0.0
id: 03e1a158-06c8-40f6-ad18-cf64d98829cf
management:
  docChecksum: d03e9c9877820741e4abd76b1b25fab4
  docVersion: 1.0.0
  speakeasyVersion: 0.0.1
  generationVersion: 2.407.1
  releaseVersion: 0.6.4
  configChecksum: 78db95199c3e0e333460b79c99c61cea
features:
  go:
    additionalDependencies: 0.1.0
    core: 3.5.5
    defaultEnabledRetries: 0.2.0
    envVarSecurityUsage: 0.3.1
    globalSecurity: 2.82.10
    globalSecurityCallbacks: 0.1.0
    globalSecurityFlattening: 0.1.0
    globalServerURLs: 2.82.2
    groups: 2.81.2
    intellisenseMarkdownSupport: 0.1.0
    nameOverrides: 2.81.2
    responseFormat: 0.1.2
    retries: 2.83.0
    sdkHooks: 0.1.0
    serverEvents: 0.1.2
    serverEventsSentinels: 0.1.0
    unions: 2.85.9
generatedFiles:
  - health.go
  - run.go
  - source.go
  - sdk.go
  - models/sdkerrors/sdkerror.go
  - retry/config.go
  - types/bigint.go
  - types/date.go
  - types/datetime.go
  - types/decimal.go
  - types/pointers.go
  - types/stream/stream.go
  - internal/utils/contenttype.go
  - internal/utils/form.go
  - internal/utils/headers.go
  - internal/utils/json.go
  - internal/utils/pathparams.go
  - internal/utils/queryparams.go
  - internal/utils/requestbody.go
  - internal/utils/retries.go
  - internal/utils/security.go
  - internal/utils/utils.go
  - /models/operations/checkhealth.go
  - /models/operations/getrun.go
  - /models/operations/run.go
  - /models/operations/suggestmethodnames.go
  - /models/components/healthresponse.go
  - /models/components/httpmetadata.go
  - /models/components/runresponse.go
  - /models/components/workflow.go
  - /models/components/target.go
  - /models/components/codesamples.go
  - /models/components/sourceregistry.go
  - /models/components/publishing.go
  - /models/components/source.go
  - /models/components/overlay.go
  - /models/components/document.go
  - /models/components/auth.go
  - /models/components/fallbackcodesamples.go
  - /models/components/targetrunsummary.go
  - /models/components/sourceresponse.go
  - /models/components/diagnostic.go
  - /models/components/runresponsestreamevent.go
  - /models/components/suggestresponse.go
  - /models/components/security.go
  - docs/models/operations/checkhealthresponse.md
  - docs/models/operations/getrunresponse.md
  - docs/models/operations/runrequestbody.md
  - docs/models/operations/runresponsebody.md
  - docs/models/operations/runresponse.md
  - docs/models/operations/suggestmethodnamesresponse.md
  - docs/models/components/data.md
  - docs/models/components/healthresponse.md
  - docs/models/components/httpmetadata.md
  - docs/models/components/runresponse.md
  - docs/models/components/workflow.md
  - docs/models/components/target.md
  - docs/models/components/codesamples.md
  - docs/models/components/sourceregistry.md
  - docs/models/components/publishing.md
  - docs/models/components/source.md
  - docs/models/components/overlay.md
  - docs/models/components/document.md
  - docs/models/components/auth.md
  - docs/models/components/fallbackcodesamples.md
  - docs/models/components/targetrunsummary.md
  - docs/models/components/sourceresponse.md
  - docs/models/components/diagnostic.md
  - docs/models/components/runresponsestreamevent.md
  - docs/models/components/suggestresponse.md
  - docs/models/components/security.md
  - docs/sdks/sdk/README.md
  - docs/models/operations/option.md
  - docs/sdks/health/README.md
  - docs/sdks/run/README.md
  - docs/sdks/source/README.md
  - USAGE.md
  - models/operations/options.go
  - internal/hooks/hooks.go
  - CONTRIBUTING.md
