speakeasyVersion: 0.0.1
sources:
    SpeakeasyStudio-OAS:
        sourceNamespace: speakeasy-studio-oas
        sourceRevisionDigest: sha256:80841c7c48eb41c3663fa928aa1b90b110b9a2a7723278ddebdfa51983db5711
        sourceBlobDigest: sha256:7328663b4274bec006e1cbfb63bc37e4016ab88c6ee3ea2d786d439060939acf
        tags:
            - latest
    SpekaeasyStudio-OAS:
        sourceNamespace: spekaeasy-studio-oas
        sourceRevisionDigest: sha256:f5da666ea15ed240ee9a4db4fdb3657ac19de906e474adeb0a84af9ffa6b9aa9
        sourceBlobDigest: sha256:78026283d1ab636c2946eaaa88c61a11a764e3fb98b16078864ca8d1a96cfcf6
        tags:
            - latest
targets:
    speakeasy-studio:
        source: SpeakeasyStudio-OAS
        sourceNamespace: speakeasy-studio-oas
        sourceRevisionDigest: sha256:80841c7c48eb41c3663fa928aa1b90b110b9a2a7723278ddebdfa51983db5711
        sourceBlobDigest: sha256:7328663b4274bec006e1cbfb63bc37e4016ab88c6ee3ea2d786d439060939acf
        outLocation: /Users/da/code/speakeasy-cli/internal/studio/sdk
    spekaeasy-studio:
        source: SpekaeasyStudio-OAS
        sourceNamespace: spekaeasy-studio-oas
        sourceRevisionDigest: sha256:f5da666ea15ed240ee9a4db4fdb3657ac19de906e474adeb0a84af9ffa6b9aa9
        sourceBlobDigest: sha256:78026283d1ab636c2946eaaa88c61a11a764e3fb98b16078864ca8d1a96cfcf6
        outLocation: /Users/da/code/speakeasy-cli/internal/run/studio/generated-studio-sdk
workflow:
    workflowVersion: 1.0.0
    sources:
        SpeakeasyStudio-OAS:
            inputs:
                - location: ../oas_studio.yaml
            overlays:
                - location: .speakeasy/speakeasy-modifications-overlay.yaml
                - location: .speakeasy/speakeasy-modifications-overlay-1.yaml
                - location: .speakeasy/speakeasy-modifications-overlay-2.yaml
                - location: .speakeasy/speakeasy-modifications-overlay-3.yaml
            registry:
                location: registry.speakeasyapi.dev/speakeasy-self/speakeasy-self/speakeasy-studio-oas
    targets:
        speakeasy-studio:
            target: go
            source: SpeakeasyStudio-OAS
