speakeasyVersion: 1.340.1
sources:
    SpekaeasyStudio-OAS:
        sourceNamespace: spekaeasy-studio-oas
        sourceRevisionDigest: sha256:10c7040cf3935fdd6b4705e274f7f87cf9f6418f5eae65046acc73d8e89a35a7
        sourceBlobDigest: sha256:740a7eef8366b54ee9b7fe0acfce7143b52b12ced7ca3c8243cf6669d1ba9373
        tags:
            - latest
targets:
    spekaeasy-studio:
        source: SpekaeasyStudio-OAS
        sourceNamespace: spekaeasy-studio-oas
        sourceRevisionDigest: sha256:10c7040cf3935fdd6b4705e274f7f87cf9f6418f5eae65046acc73d8e89a35a7
        sourceBlobDigest: sha256:740a7eef8366b54ee9b7fe0acfce7143b52b12ced7ca3c8243cf6669d1ba9373
        outLocation: /Users/da/code/speakeasy-cli/internal/run/studio/generated-studio-sdk
workflow:
    workflowVersion: 1.0.0
    sources:
        SpekaeasyStudio-OAS:
            inputs:
                - location: ../oas_studio.yaml
            registry:
                location: registry.speakeasyapi.dev/speakeasy-self/speakeasy-self/spekaeasy-studio-oas
    targets:
        spekaeasy-studio:
            target: go
            source: SpekaeasyStudio-OAS
