speakeasyVersion: 1.340.1
sources:
    SpeakeasyStudio-OAS:
        sourceNamespace: speakeasy-studio-oas
        sourceRevisionDigest: sha256:bc6c9289a3468f43a2a06b1fc63fb42b047aa80324a0181e926082e34c5ad531
        sourceBlobDigest: sha256:a9dc46a7388884c61c4f914843e16a874e03d645c340e6ed908329679d52944e
        tags:
            - latest
targets:
    speakeasy-studio:
        source: SpeakeasyStudio-OAS
        sourceNamespace: speakeasy-studio-oas
        sourceRevisionDigest: sha256:bc6c9289a3468f43a2a06b1fc63fb42b047aa80324a0181e926082e34c5ad531
        sourceBlobDigest: sha256:a9dc46a7388884c61c4f914843e16a874e03d645c340e6ed908329679d52944e
        outLocation: /Users/da/code/speakeasy-cli/internal/run/studio/generated-studio-sdk
workflow:
    workflowVersion: 1.0.0
    sources:
        SpeakeasyStudio-OAS:
            inputs:
                - location: ../oas_studio.yaml
            registry:
                location: registry.speakeasyapi.dev/mistral-dev/mistral-dev/speakeasy-studio-oas
    targets:
        speakeasy-studio:
            target: go
            source: SpeakeasyStudio-OAS
